version: 2.0
shards:
  ameba:
    git: https://github.com/veelenga/ameba.git
    version: 1.4.3

  ffmpeg:
    git: https://github.com/spider-gazelle/ffmpeg.git
    version: 0.4.3

  ipaddress:
    git: https://github.com/sija/ipaddress.cr.git
    version: 0.2.3

  stumpy_core:
    git: https://github.com/stumpycr/stumpy_core.git
    version: 1.9.1

  tensorflow_lite:
    git: https://github.com/spider-gazelle/tensorflow_lite.git
    version: 1.2.1

